{
  "name": "blackjack",
  "version": "1.0.0",
  "lockfileVersion": 1,
  "requires": true,
  "dependencies": {
    "bootstrap": {
      "version": "5.2.1",
      "resolved": "https://registry.npmjs.org/bootstrap/-/bootstrap-5.2.1.tgz",
      "integrity": "sha512-UQi3v2NpVPEi1n35dmRRzBJFlgvWHYwyem6yHhuT6afYF+sziEt46McRbT//kVXZ7b1YUYEVGdXEH74Nx3xzGA=="
    },
    "bootstrap-icons": {
      "version": "1.9.1",
      "resolved": "https://registry.npmjs.org/bootstrap-icons/-/bootstrap-icons-1.9.1.tgz",
      "integrity": "sha512-d4ZkO30MIkAhQ2nNRJqKXJVEQorALGbLWTuRxyCTJF96lRIV6imcgMehWGJUiJMJhglN0o2tqLIeDnMdiQEE9g=="
    }
  }
}
